// !$*UTF8*$!
{
	archiveVersion = 1;
	classes = {
	};
	objectVersion = 56;
	objects = {

/* Begin PBXBuildFile section */
		6B3CD8D229E32EA40062BCCB /* UIView+.swift in Sources */ = {isa = PBXBuildFile; fileRef = 6B3CD8D129E32EA40062BCCB /* UIView+.swift */; };
		6B3CD8D629E3BE880062BCCB /* UILabel+.swift in Sources */ = {isa = PBXBuildFile; fileRef = 6B3CD8D529E3BE880062BCCB /* UILabel+.swift */; };
		6B3CD8D929E413C00062BCCB /* FirstViewController_Practice1_DelegatePattern.swift in Sources */ = {isa = PBXBuildFile; fileRef = 6B3CD8D829E413C00062BCCB /* FirstViewController_Practice1_DelegatePattern.swift */; };
		6B3CD8DB29E413E00062BCCB /* SecondViewController_Practice1_DelegatePattern.swift in Sources */ = {isa = PBXBuildFile; fileRef = 6B3CD8DA29E413E00062BCCB /* SecondViewController_Practice1_DelegatePattern.swift */; };
		6BDC8E4B29DFDFDE00E42086 /* AppDelegate.swift in Sources */ = {isa = PBXBuildFile; fileRef = 6BDC8E4A29DFDFDE00E42086 /* AppDelegate.swift */; };
		6BDC8E4D29DFDFDE00E42086 /* SceneDelegate.swift in Sources */ = {isa = PBXBuildFile; fileRef = 6BDC8E4C29DFDFDE00E42086 /* SceneDelegate.swift */; };
		6BDC8E4F29DFDFDE00E42086 /* MainViewController.swift in Sources */ = {isa = PBXBuildFile; fileRef = 6BDC8E4E29DFDFDE00E42086 /* MainViewController.swift */; };
		6BDC8E5229DFDFDE00E42086 /* Main.storyboard in Resources */ = {isa = PBXBuildFile; fileRef = 6BDC8E5029DFDFDE00E42086 /* Main.storyboard */; };
		6BDC8E5429DFDFDF00E42086 /* Assets.xcassets in Resources */ = {isa = PBXBuildFile; fileRef = 6BDC8E5329DFDFDF00E42086 /* Assets.xcassets */; };
		6BDC8E5729DFDFDF00E42086 /* LaunchScreen.storyboard in Resources */ = {isa = PBXBuildFile; fileRef = 6BDC8E5529DFDFDF00E42086 /* LaunchScreen.storyboard */; };
		6BDC8E6029DFE15F00E42086 /* SecondViewController.swift in Sources */ = {isa = PBXBuildFile; fileRef = 6BDC8E5F29DFE15F00E42086 /* SecondViewController.swift */; };
		6BDC8E6229DFE1DF00E42086 /* sopt.png in Resources */ = {isa = PBXBuildFile; fileRef = 6BDC8E6129DFE1DF00E42086 /* sopt.png */; };
		6BDC8E6529E133D600E42086 /* FirstViewController_DelegatePattern.swift in Sources */ = {isa = PBXBuildFile; fileRef = 6BDC8E6429E133D600E42086 /* FirstViewController_DelegatePattern.swift */; };
		6BDC8E6729E1346000E42086 /* SecondViewController_DelegatePattern.swift in Sources */ = {isa = PBXBuildFile; fileRef = 6BDC8E6629E1346000E42086 /* SecondViewController_DelegatePattern.swift */; };
		6BDC8E6A29E141F300E42086 /* SnapKit in Frameworks */ = {isa = PBXBuildFile; productRef = 6BDC8E6929E141F300E42086 /* SnapKit */; };
		6BDC8E6D29E1422400E42086 /* Then in Frameworks */ = {isa = PBXBuildFile; productRef = 6BDC8E6C29E1422400E42086 /* Then */; };
		6BDC8E7029E148E700E42086 /* FirstViewController_Practice1_HandlerProperty.swift in Sources */ = {isa = PBXBuildFile; fileRef = 6BDC8E6F29E148E700E42086 /* FirstViewController_Practice1_HandlerProperty.swift */; };
		6BDC8E7229E14EF100E42086 /* SecondViewController_Practice1_HandlerProperty.swift in Sources */ = {isa = PBXBuildFile; fileRef = 6BDC8E7129E14EF100E42086 /* SecondViewController_Practice1_HandlerProperty.swift */; };
		6BDC8E7429E156E800E42086 /* UIButton+.swift in Sources */ = {isa = PBXBuildFile; fileRef = 6BDC8E7329E156E800E42086 /* UIButton+.swift */; };
		6BDC8E7729E1589400E42086 /* ViewController.swift in Sources */ = {isa = PBXBuildFile; fileRef = 6BDC8E7629E1589400E42086 /* ViewController.swift */; };
/* End PBXBuildFile section */

/* Begin PBXFileReference section */
		6B3CD8D129E32EA40062BCCB /* UIView+.swift */ = {isa = PBXFileReference; lastKnownFileType = sourcecode.swift; path = "UIView+.swift"; sourceTree = "<group>"; };
		6B3CD8D529E3BE880062BCCB /* UILabel+.swift */ = {isa = PBXFileReference; lastKnownFileType = sourcecode.swift; path = "UILabel+.swift"; sourceTree = "<group>"; };
		6B3CD8D829E413C00062BCCB /* FirstViewController_Practice1_DelegatePattern.swift */ = {isa = PBXFileReference; lastKnownFileType = sourcecode.swift; path = FirstViewController_Practice1_DelegatePattern.swift; sourceTree = "<group>"; };
		6B3CD8DA29E413E00062BCCB /* SecondViewController_Practice1_DelegatePattern.swift */ = {isa = PBXFileReference; lastKnownFileType = sourcecode.swift; path = SecondViewController_Practice1_DelegatePattern.swift; sourceTree = "<group>"; };
		6BDC8E4729DFDFDE00E42086 /* GO_SOPT_Seminar_Assingment.app */ = {isa = PBXFileReference; explicitFileType = wrapper.application; includeInIndex = 0; path = GO_SOPT_Seminar_Assingment.app; sourceTree = BUILT_PRODUCTS_DIR; };
		6BDC8E4A29DFDFDE00E42086 /* AppDelegate.swift */ = {isa = PBXFileReference; lastKnownFileType = sourcecode.swift; path = AppDelegate.swift; sourceTree = "<group>"; };
		6BDC8E4C29DFDFDE00E42086 /* SceneDelegate.swift */ = {isa = PBXFileReference; lastKnownFileType = sourcecode.swift; path = SceneDelegate.swift; sourceTree = "<group>"; };
		6BDC8E4E29DFDFDE00E42086 /* MainViewController.swift */ = {isa = PBXFileReference; lastKnownFileType = sourcecode.swift; path = MainViewController.swift; sourceTree = "<group>"; };
		6BDC8E5129DFDFDE00E42086 /* Base */ = {isa = PBXFileReference; lastKnownFileType = file.storyboard; name = Base; path = Base.lproj/Main.storyboard; sourceTree = "<group>"; };
		6BDC8E5329DFDFDF00E42086 /* Assets.xcassets */ = {isa = PBXFileReference; lastKnownFileType = folder.assetcatalog; path = Assets.xcassets; sourceTree = "<group>"; };
		6BDC8E5629DFDFDF00E42086 /* Base */ = {isa = PBXFileReference; lastKnownFileType = file.storyboard; name = Base; path = Base.lproj/LaunchScreen.storyboard; sourceTree = "<group>"; };
		6BDC8E5829DFDFDF00E42086 /* Info.plist */ = {isa = PBXFileReference; lastKnownFileType = text.plist.xml; path = Info.plist; sourceTree = "<group>"; };
		6BDC8E5F29DFE15F00E42086 /* SecondViewController.swift */ = {isa = PBXFileReference; lastKnownFileType = sourcecode.swift; path = SecondViewController.swift; sourceTree = "<group>"; };
		6BDC8E6129DFE1DF00E42086 /* sopt.png */ = {isa = PBXFileReference; lastKnownFileType = image.png; path = sopt.png; sourceTree = "<group>"; };
		6BDC8E6429E133D600E42086 /* FirstViewController_DelegatePattern.swift */ = {isa = PBXFileReference; lastKnownFileType = sourcecode.swift; path = FirstViewController_DelegatePattern.swift; sourceTree = "<group>"; };
		6BDC8E6629E1346000E42086 /* SecondViewController_DelegatePattern.swift */ = {isa = PBXFileReference; lastKnownFileType = sourcecode.swift; path = SecondViewController_DelegatePattern.swift; sourceTree = "<group>"; };
		6BDC8E6F29E148E700E42086 /* FirstViewController_Practice1_HandlerProperty.swift */ = {isa = PBXFileReference; lastKnownFileType = sourcecode.swift; path = FirstViewController_Practice1_HandlerProperty.swift; sourceTree = "<group>"; };
		6BDC8E7129E14EF100E42086 /* SecondViewController_Practice1_HandlerProperty.swift */ = {isa = PBXFileReference; lastKnownFileType = sourcecode.swift; path = SecondViewController_Practice1_HandlerProperty.swift; sourceTree = "<group>"; };
		6BDC8E7329E156E800E42086 /* UIButton+.swift */ = {isa = PBXFileReference; lastKnownFileType = sourcecode.swift; path = "UIButton+.swift"; sourceTree = "<group>"; };
		6BDC8E7629E1589400E42086 /* ViewController.swift */ = {isa = PBXFileReference; lastKnownFileType = sourcecode.swift; path = ViewController.swift; sourceTree = "<group>"; };
/* End PBXFileReference section */

/* Begin PBXFrameworksBuildPhase section */
		6BDC8E4429DFDFDE00E42086 /* Frameworks */ = {
			isa = PBXFrameworksBuildPhase;
			buildActionMask = 2147483647;
			files = (
				6BDC8E6A29E141F300E42086 /* SnapKit in Frameworks */,
				6BDC8E6D29E1422400E42086 /* Then in Frameworks */,
			);
			runOnlyForDeploymentPostprocessing = 0;
		};
/* End PBXFrameworksBuildPhase section */

/* Begin PBXGroup section */
		6B3CD8D729E3C1DB0062BCCB /* Resources */ = {
			isa = PBXGroup;
			children = (
				6BDC8E5329DFDFDF00E42086 /* Assets.xcassets */,
				6B3CD8D129E32EA40062BCCB /* UIView+.swift */,
				6BDC8E7329E156E800E42086 /* UIButton+.swift */,
				6B3CD8D529E3BE880062BCCB /* UILabel+.swift */,
			);
			path = Resources;
			sourceTree = "<group>";
		};
		6BDC8E3E29DFDFDE00E42086 = {
			isa = PBXGroup;
			children = (
				6BDC8E4929DFDFDE00E42086 /* GO_SOPT_Seminar_Assingment */,
				6BDC8E4829DFDFDE00E42086 /* Products */,
			);
			sourceTree = "<group>";
		};
		6BDC8E4829DFDFDE00E42086 /* Products */ = {
			isa = PBXGroup;
			children = (
				6BDC8E4729DFDFDE00E42086 /* GO_SOPT_Seminar_Assingment.app */,
			);
			name = Products;
			sourceTree = "<group>";
		};
		6BDC8E4929DFDFDE00E42086 /* GO_SOPT_Seminar_Assingment */ = {
			isa = PBXGroup;
			children = (
				6B3CD8D729E3C1DB0062BCCB /* Resources */,
				6BDC8E6329E133A300E42086 /* SecondSeminar */,
				6BDC8E5E29DFDFF000E42086 /* FirstSeminar */,
				6BDC8E4A29DFDFDE00E42086 /* AppDelegate.swift */,
				6BDC8E4C29DFDFDE00E42086 /* SceneDelegate.swift */,
				6BDC8E5029DFDFDE00E42086 /* Main.storyboard */,
				6BDC8E5529DFDFDF00E42086 /* LaunchScreen.storyboard */,
				6BDC8E5829DFDFDF00E42086 /* Info.plist */,
			);
			path = GO_SOPT_Seminar_Assingment;
			sourceTree = "<group>";
		};
		6BDC8E5E29DFDFF000E42086 /* FirstSeminar */ = {
			isa = PBXGroup;
			children = (
				6BDC8E4E29DFDFDE00E42086 /* MainViewController.swift */,
				6BDC8E5F29DFE15F00E42086 /* SecondViewController.swift */,
				6BDC8E6129DFE1DF00E42086 /* sopt.png */,
			);
			path = FirstSeminar;
			sourceTree = "<group>";
		};
		6BDC8E6329E133A300E42086 /* SecondSeminar */ = {
			isa = PBXGroup;
			children = (
				6BDC8E7529E157FF00E42086 /* Practice_2 */,
				6BDC8E6E29E146F100E42086 /* Practice_1 */,
				6BDC8E6429E133D600E42086 /* FirstViewController_DelegatePattern.swift */,
				6BDC8E6629E1346000E42086 /* SecondViewController_DelegatePattern.swift */,
			);
			path = SecondSeminar;
			sourceTree = "<group>";
		};
		6BDC8E6E29E146F100E42086 /* Practice_1 */ = {
			isa = PBXGroup;
			children = (
				6BDC8E6F29E148E700E42086 /* FirstViewController_Practice1_HandlerProperty.swift */,
				6BDC8E7129E14EF100E42086 /* SecondViewController_Practice1_HandlerProperty.swift */,
				6B3CD8D829E413C00062BCCB /* FirstViewController_Practice1_DelegatePattern.swift */,
				6B3CD8DA29E413E00062BCCB /* SecondViewController_Practice1_DelegatePattern.swift */,
			);
			path = Practice_1;
			sourceTree = "<group>";
		};
		6BDC8E7529E157FF00E42086 /* Practice_2 */ = {
			isa = PBXGroup;
			children = (
				6BDC8E7629E1589400E42086 /* ViewController.swift */,
			);
			path = Practice_2;
			sourceTree = "<group>";
		};
/* End PBXGroup section */

/* Begin PBXNativeTarget section */
		6BDC8E4629DFDFDE00E42086 /* GO_SOPT_Seminar_Assingment */ = {
			isa = PBXNativeTarget;
			buildConfigurationList = 6BDC8E5B29DFDFDF00E42086 /* Build configuration list for PBXNativeTarget "GO_SOPT_Seminar_Assingment" */;
			buildPhases = (
				6BDC8E4329DFDFDE00E42086 /* Sources */,
				6BDC8E4429DFDFDE00E42086 /* Frameworks */,
				6BDC8E4529DFDFDE00E42086 /* Resources */,
			);
			buildRules = (
			);
			dependencies = (
			);
			name = GO_SOPT_Seminar_Assingment;
			packageProductDependencies = (
				6BDC8E6929E141F300E42086 /* SnapKit */,
				6BDC8E6C29E1422400E42086 /* Then */,
			);
			productName = GO_SOPT_Seminar_Assingment;
			productReference = 6BDC8E4729DFDFDE00E42086 /* GO_SOPT_Seminar_Assingment.app */;
			productType = "com.apple.product-type.application";
		};
/* End PBXNativeTarget section */

/* Begin PBXProject section */
		6BDC8E3F29DFDFDE00E42086 /* Project object */ = {
			isa = PBXProject;
			attributes = {
				BuildIndependentTargetsInParallel = 1;
				LastSwiftUpdateCheck = 1420;
				LastUpgradeCheck = 1420;
				TargetAttributes = {
					6BDC8E4629DFDFDE00E42086 = {
						CreatedOnToolsVersion = 14.2;
					};
				};
			};
			buildConfigurationList = 6BDC8E4229DFDFDE00E42086 /* Build configuration list for PBXProject "GO_SOPT_Seminar_Assingment" */;
			compatibilityVersion = "Xcode 14.0";
			developmentRegion = en;
			hasScannedForEncodings = 0;
			knownRegions = (
				en,
				Base,
			);
			mainGroup = 6BDC8E3E29DFDFDE00E42086;
			packageReferences = (
				6BDC8E6829E141F300E42086 /* XCRemoteSwiftPackageReference "SnapKit" */,
				6BDC8E6B29E1422400E42086 /* XCRemoteSwiftPackageReference "Then" */,
			);
			productRefGroup = 6BDC8E4829DFDFDE00E42086 /* Products */;
			projectDirPath = "";
			projectRoot = "";
			targets = (
				6BDC8E4629DFDFDE00E42086 /* GO_SOPT_Seminar_Assingment */,
			);
		};
/* End PBXProject section */

/* Begin PBXResourcesBuildPhase section */
		6BDC8E4529DFDFDE00E42086 /* Resources */ = {
			isa = PBXResourcesBuildPhase;
			buildActionMask = 2147483647;
			files = (
				6BDC8E5729DFDFDF00E42086 /* LaunchScreen.storyboard in Resources */,
				6BDC8E6229DFE1DF00E42086 /* sopt.png in Resources */,
				6BDC8E5429DFDFDF00E42086 /* Assets.xcassets in Resources */,
				6BDC8E5229DFDFDE00E42086 /* Main.storyboard in Resources */,
			);
			runOnlyForDeploymentPostprocessing = 0;
		};
/* End PBXResourcesBuildPhase section */

/* Begin PBXSourcesBuildPhase section */
		6BDC8E4329DFDFDE00E42086 /* Sources */ = {
			isa = PBXSourcesBuildPhase;
			buildActionMask = 2147483647;
			files = (
				6BDC8E7729E1589400E42086 /* ViewController.swift in Sources */,
				6B3CD8DB29E413E00062BCCB /* SecondViewController_Practice1_DelegatePattern.swift in Sources */,
				6BDC8E6729E1346000E42086 /* SecondViewController_DelegatePattern.swift in Sources */,
				6BDC8E4F29DFDFDE00E42086 /* MainViewController.swift in Sources */,
				6BDC8E4B29DFDFDE00E42086 /* AppDelegate.swift in Sources */,
				6BDC8E6029DFE15F00E42086 /* SecondViewController.swift in Sources */,
				6BDC8E6529E133D600E42086 /* FirstViewController_DelegatePattern.swift in Sources */,
				6B3CD8D929E413C00062BCCB /* FirstViewController_Practice1_DelegatePattern.swift in Sources */,
				6B3CD8D629E3BE880062BCCB /* UILabel+.swift in Sources */,
				6BDC8E7229E14EF100E42086 /* SecondViewController_Practice1_HandlerProperty.swift in Sources */,
				6BDC8E7029E148E700E42086 /* FirstViewController_Practice1_HandlerProperty.swift in Sources */,
				6B3CD8D229E32EA40062BCCB /* UIView+.swift in Sources */,
				6BDC8E7429E156E800E42086 /* UIButton+.swift in Sources */,
				6BDC8E4D29DFDFDE00E42086 /* SceneDelegate.swift in Sources */,
			);
			runOnlyForDeploymentPostprocessing = 0;
		};
/* End PBXSourcesBuildPhase section */

/* Begin PBXVariantGroup section */
		6BDC8E5029DFDFDE00E42086 /* Main.storyboard */ = {
			isa = PBXVariantGroup;
			children = (
				6BDC8E5129DFDFDE00E42086 /* Base */,
			);
			name = Main.storyboard;
			sourceTree = "<group>";
		};
		6BDC8E5529DFDFDF00E42086 /* LaunchScreen.storyboard */ = {
			isa = PBXVariantGroup;
			children = (
				6BDC8E5629DFDFDF00E42086 /* Base */,
			);
			name = LaunchScreen.storyboard;
			sourceTree = "<group>";
		};
/* End PBXVariantGroup section */

/* Begin XCBuildConfiguration section */
		6BDC8E5929DFDFDF00E42086 /* Debug */ = {
			isa = XCBuildConfiguration;
			buildSettings = {
				ALWAYS_SEARCH_USER_PATHS = NO;
				CLANG_ANALYZER_NONNULL = YES;
				CLANG_ANALYZER_NUMBER_OBJECT_CONVERSION = YES_AGGRESSIVE;
				CLANG_CXX_LANGUAGE_STANDARD = "gnu++20";
				CLANG_ENABLE_MODULES = YES;
				CLANG_ENABLE_OBJC_ARC = YES;
				CLANG_ENABLE_OBJC_WEAK = YES;
				CLANG_WARN_BLOCK_CAPTURE_AUTORELEASING = YES;
				CLANG_WARN_BOOL_CONVERSION = YES;
				CLANG_WARN_COMMA = YES;
				CLANG_WARN_CONSTANT_CONVERSION = YES;
				CLANG_WARN_DEPRECATED_OBJC_IMPLEMENTATIONS = YES;
				CLANG_WARN_DIRECT_OBJC_ISA_USAGE = YES_ERROR;
				CLANG_WARN_DOCUMENTATION_COMMENTS = YES;
				CLANG_WARN_EMPTY_BODY = YES;
				CLANG_WARN_ENUM_CONVERSION = YES;
				CLANG_WARN_INFINITE_RECURSION = YES;
				CLANG_WARN_INT_CONVERSION = YES;
				CLANG_WARN_NON_LITERAL_NULL_CONVERSION = YES;
				CLANG_WARN_OBJC_IMPLICIT_RETAIN_SELF = YES;
				CLANG_WARN_OBJC_LITERAL_CONVERSION = YES;
				CLANG_WARN_OBJC_ROOT_CLASS = YES_ERROR;
				CLANG_WARN_QUOTED_INCLUDE_IN_FRAMEWORK_HEADER = YES;
				CLANG_WARN_RANGE_LOOP_ANALYSIS = YES;
				CLANG_WARN_STRICT_PROTOTYPES = YES;
				CLANG_WARN_SUSPICIOUS_MOVE = YES;
				CLANG_WARN_UNGUARDED_AVAILABILITY = YES_AGGRESSIVE;
				CLANG_WARN_UNREACHABLE_CODE = YES;
				CLANG_WARN__DUPLICATE_METHOD_MATCH = YES;
				COPY_PHASE_STRIP = NO;
				DEBUG_INFORMATION_FORMAT = dwarf;
				ENABLE_STRICT_OBJC_MSGSEND = YES;
				ENABLE_TESTABILITY = YES;
				GCC_C_LANGUAGE_STANDARD = gnu11;
				GCC_DYNAMIC_NO_PIC = NO;
				GCC_NO_COMMON_BLOCKS = YES;
				GCC_OPTIMIZATION_LEVEL = 0;
				GCC_PREPROCESSOR_DEFINITIONS = (
					"DEBUG=1",
					"$(inherited)",
				);
				GCC_WARN_64_TO_32_BIT_CONVERSION = YES;
				GCC_WARN_ABOUT_RETURN_TYPE = YES_ERROR;
				GCC_WARN_UNDECLARED_SELECTOR = YES;
				GCC_WARN_UNINITIALIZED_AUTOS = YES_AGGRESSIVE;
				GCC_WARN_UNUSED_FUNCTION = YES;
				GCC_WARN_UNUSED_VARIABLE = YES;
				IPHONEOS_DEPLOYMENT_TARGET = 16.2;
				MTL_ENABLE_DEBUG_INFO = INCLUDE_SOURCE;
				MTL_FAST_MATH = YES;
				ONLY_ACTIVE_ARCH = YES;
				SDKROOT = iphoneos;
				SWIFT_ACTIVE_COMPILATION_CONDITIONS = DEBUG;
				SWIFT_OPTIMIZATION_LEVEL = "-Onone";
			};
			name = Debug;
		};
		6BDC8E5A29DFDFDF00E42086 /* Release */ = {
			isa = XCBuildConfiguration;
			buildSettings = {
				ALWAYS_SEARCH_USER_PATHS = NO;
				CLANG_ANALYZER_NONNULL = YES;
				CLANG_ANALYZER_NUMBER_OBJECT_CONVERSION = YES_AGGRESSIVE;
				CLANG_CXX_LANGUAGE_STANDARD = "gnu++20";
				CLANG_ENABLE_MODULES = YES;
				CLANG_ENABLE_OBJC_ARC = YES;
				CLANG_ENABLE_OBJC_WEAK = YES;
				CLANG_WARN_BLOCK_CAPTURE_AUTORELEASING = YES;
				CLANG_WARN_BOOL_CONVERSION = YES;
				CLANG_WARN_COMMA = YES;
				CLANG_WARN_CONSTANT_CONVERSION = YES;
				CLANG_WARN_DEPRECATED_OBJC_IMPLEMENTATIONS = YES;
				CLANG_WARN_DIRECT_OBJC_ISA_USAGE = YES_ERROR;
				CLANG_WARN_DOCUMENTATION_COMMENTS = YES;
				CLANG_WARN_EMPTY_BODY = YES;
				CLANG_WARN_ENUM_CONVERSION = YES;
				CLANG_WARN_INFINITE_RECURSION = YES;
				CLANG_WARN_INT_CONVERSION = YES;
				CLANG_WARN_NON_LITERAL_NULL_CONVERSION = YES;
				CLANG_WARN_OBJC_IMPLICIT_RETAIN_SELF = YES;
				CLANG_WARN_OBJC_LITERAL_CONVERSION = YES;
				CLANG_WARN_OBJC_ROOT_CLASS = YES_ERROR;
				CLANG_WARN_QUOTED_INCLUDE_IN_FRAMEWORK_HEADER = YES;
				CLANG_WARN_RANGE_LOOP_ANALYSIS = YES;
				CLANG_WARN_STRICT_PROTOTYPES = YES;
				CLANG_WARN_SUSPICIOUS_MOVE = YES;
				CLANG_WARN_UNGUARDED_AVAILABILITY = YES_AGGRESSIVE;
				CLANG_WARN_UNREACHABLE_CODE = YES;
				CLANG_WARN__DUPLICATE_METHOD_MATCH = YES;
				COPY_PHASE_STRIP = NO;
				DEBUG_INFORMATION_FORMAT = "dwarf-with-dsym";
				ENABLE_NS_ASSERTIONS = NO;
				ENABLE_STRICT_OBJC_MSGSEND = YES;
				GCC_C_LANGUAGE_STANDARD = gnu11;
				GCC_NO_COMMON_BLOCKS = YES;
				GCC_WARN_64_TO_32_BIT_CONVERSION = YES;
				GCC_WARN_ABOUT_RETURN_TYPE = YES_ERROR;
				GCC_WARN_UNDECLARED_SELECTOR = YES;
				GCC_WARN_UNINITIALIZED_AUTOS = YES_AGGRESSIVE;
				GCC_WARN_UNUSED_FUNCTION = YES;
				GCC_WARN_UNUSED_VARIABLE = YES;
				IPHONEOS_DEPLOYMENT_TARGET = 16.2;
				MTL_ENABLE_DEBUG_INFO = NO;
				MTL_FAST_MATH = YES;
				SDKROOT = iphoneos;
				SWIFT_COMPILATION_MODE = wholemodule;
				SWIFT_OPTIMIZATION_LEVEL = "-O";
				VALIDATE_PRODUCT = YES;
			};
			name = Release;
		};
		6BDC8E5C29DFDFDF00E42086 /* Debug */ = {
			isa = XCBuildConfiguration;
			buildSettings = {
				ASSETCATALOG_COMPILER_APPICON_NAME = AppIcon;
				ASSETCATALOG_COMPILER_GLOBAL_ACCENT_COLOR_NAME = AccentColor;
				CODE_SIGN_STYLE = Automatic;
				CURRENT_PROJECT_VERSION = 1;
				DEVELOPMENT_TEAM = 6ML57N96S3;
				GENERATE_INFOPLIST_FILE = YES;
				INFOPLIST_FILE = GO_SOPT_Seminar_Assingment/Info.plist;
				INFOPLIST_KEY_UIApplicationSupportsIndirectInputEvents = YES;
				INFOPLIST_KEY_UILaunchStoryboardName = LaunchScreen;
				INFOPLIST_KEY_UIMainStoryboardFile = Main;
				INFOPLIST_KEY_UISupportedInterfaceOrientations_iPad = "UIInterfaceOrientationPortrait UIInterfaceOrientationPortraitUpsideDown UIInterfaceOrientationLandscapeLeft UIInterfaceOrientationLandscapeRight";
				INFOPLIST_KEY_UISupportedInterfaceOrientations_iPhone = "UIInterfaceOrientationPortrait UIInterfaceOrientationLandscapeLeft UIInterfaceOrientationLandscapeRight";
				LD_RUNPATH_SEARCH_PATHS = (
					"$(inherited)",
					"@executable_path/Frameworks",
				);
				MARKETING_VERSION = 1.0;
				PRODUCT_BUNDLE_IDENTIFIER = "yeah.GO-SOPT-Seminar-Assingment";
				PRODUCT_NAME = "$(TARGET_NAME)";
				SWIFT_EMIT_LOC_STRINGS = YES;
				SWIFT_VERSION = 5.0;
				TARGETED_DEVICE_FAMILY = "1,2";
			};
			name = Debug;
		};
		6BDC8E5D29DFDFDF00E42086 /* Release */ = {
			isa = XCBuildConfiguration;
			buildSettings = {
				ASSETCATALOG_COMPILER_APPICON_NAME = AppIcon;
				ASSETCATALOG_COMPILER_GLOBAL_ACCENT_COLOR_NAME = AccentColor;
				CODE_SIGN_STYLE = Automatic;
				CURRENT_PROJECT_VERSION = 1;
				DEVELOPMENT_TEAM = 6ML57N96S3;
				GENERATE_INFOPLIST_FILE = YES;
				INFOPLIST_FILE = GO_SOPT_Seminar_Assingment/Info.plist;
				INFOPLIST_KEY_UIApplicationSupportsIndirectInputEvents = YES;
				INFOPLIST_KEY_UILaunchStoryboardName = LaunchScreen;
				INFOPLIST_KEY_UIMainStoryboardFile = Main;
				INFOPLIST_KEY_UISupportedInterfaceOrientations_iPad = "UIInterfaceOrientationPortrait UIInterfaceOrientationPortraitUpsideDown UIInterfaceOrientationLandscapeLeft UIInterfaceOrientationLandscapeRight";
				INFOPLIST_KEY_UISupportedInterfaceOrientations_iPhone = "UIInterfaceOrientationPortrait UIInterfaceOrientationLandscapeLeft UIInterfaceOrientationLandscapeRight";
				LD_RUNPATH_SEARCH_PATHS = (
					"$(inherited)",
					"@executable_path/Frameworks",
				);
				MARKETING_VERSION = 1.0;
				PRODUCT_BUNDLE_IDENTIFIER = "yeah.GO-SOPT-Seminar-Assingment";
				PRODUCT_NAME = "$(TARGET_NAME)";
				SWIFT_EMIT_LOC_STRINGS = YES;
				SWIFT_VERSION = 5.0;
				TARGETED_DEVICE_FAMILY = "1,2";
			};
			name = Release;
		};
/* End XCBuildConfiguration section */

/* Begin XCConfigurationList section */
		6BDC8E4229DFDFDE00E42086 /* Build configuration list for PBXProject "GO_SOPT_Seminar_Assingment" */ = {
			isa = XCConfigurationList;
			buildConfigurations = (
				6BDC8E5929DFDFDF00E42086 /* Debug */,
				6BDC8E5A29DFDFDF00E42086 /* Release */,
			);
			defaultConfigurationIsVisible = 0;
			defaultConfigurationName = Release;
		};
		6BDC8E5B29DFDFDF00E42086 /* Build configuration list for PBXNativeTarget "GO_SOPT_Seminar_Assingment" */ = {
			isa = XCConfigurationList;
			buildConfigurations = (
				6BDC8E5C29DFDFDF00E42086 /* Debug */,
				6BDC8E5D29DFDFDF00E42086 /* Release */,
			);
			defaultConfigurationIsVisible = 0;
			defaultConfigurationName = Release;
		};
/* End XCConfigurationList section */

/* Begin XCRemoteSwiftPackageReference section */
		6BDC8E6829E141F300E42086 /* XCRemoteSwiftPackageReference "SnapKit" */ = {
			isa = XCRemoteSwiftPackageReference;
			repositoryURL = "https://github.com/SnapKit/SnapKit.git";
			requirement = {
				kind = upToNextMajorVersion;
				minimumVersion = 5.0.0;
			};
		};
		6BDC8E6B29E1422400E42086 /* XCRemoteSwiftPackageReference "Then" */ = {
			isa = XCRemoteSwiftPackageReference;
			repositoryURL = "https://github.com/devxoul/Then.git";
			requirement = {
				kind = upToNextMajorVersion;
				minimumVersion = 3.0.0;
			};
		};
/* End XCRemoteSwiftPackageReference section */

/* Begin XCSwiftPackageProductDependency section */
		6BDC8E6929E141F300E42086 /* SnapKit */ = {
			isa = XCSwiftPackageProductDependency;
			package = 6BDC8E6829E141F300E42086 /* XCRemoteSwiftPackageReference "SnapKit" */;
			productName = SnapKit;
		};
		6BDC8E6C29E1422400E42086 /* Then */ = {
			isa = XCSwiftPackageProductDependency;
			package = 6BDC8E6B29E1422400E42086 /* XCRemoteSwiftPackageReference "Then" */;
			productName = Then;
		};
/* End XCSwiftPackageProductDependency section */
	};
	rootObject = 6BDC8E3F29DFDFDE00E42086 /* Project object */;
}
