// !$*UTF8*$!
{
	archiveVersion = 1;
	classes = {
	};
	objectVersion = 56;
	objects = {

/* Begin PBXBuildFile section */
		6B1C7E1029EABEAD0034A336 /* AddNickNameBottomSheetUIView.swift in Sources */ = {isa = PBXBuildFile; fileRef = 6B1C7E0F29EABEAD0034A336 /* AddNickNameBottomSheetUIView.swift */; };
		6B1C7E1E29EB28130034A336 /* LoginView.swift in Sources */ = {isa = PBXBuildFile; fileRef = 6B1C7E1D29EB28130034A336 /* LoginView.swift */; };
		6B1C7E2129EB2A210034A336 /* BaseViewController.swift in Sources */ = {isa = PBXBuildFile; fileRef = 6B1C7E2029EB2A210034A336 /* BaseViewController.swift */; };
		6B1C7E2329EB302F0034A336 /* WelcomeView.swift in Sources */ = {isa = PBXBuildFile; fileRef = 6B1C7E2229EB302F0034A336 /* WelcomeView.swift */; };
		6B3CD8D229E32EA40062BCCB /* UIView+.swift in Sources */ = {isa = PBXBuildFile; fileRef = 6B3CD8D129E32EA40062BCCB /* UIView+.swift */; };
		6B3CD8D629E3BE880062BCCB /* UILabel+.swift in Sources */ = {isa = PBXBuildFile; fileRef = 6B3CD8D529E3BE880062BCCB /* UILabel+.swift */; };
		6B3CD8D929E413C00062BCCB /* FirstViewController_Practice1_DelegatePattern.swift in Sources */ = {isa = PBXBuildFile; fileRef = 6B3CD8D829E413C00062BCCB /* FirstViewController_Practice1_DelegatePattern.swift */; };
		6B3CD8DB29E413E00062BCCB /* SecondViewController_Practice1_DelegatePattern.swift in Sources */ = {isa = PBXBuildFile; fileRef = 6B3CD8DA29E413E00062BCCB /* SecondViewController_Practice1_DelegatePattern.swift */; };
		6B56CC7B29EC02B00065D3BA /* TvingUser.swift in Sources */ = {isa = PBXBuildFile; fileRef = 6B56CC7A29EC02B00065D3BA /* TvingUser.swift */; };
		6B56CC8029EC3B450065D3BA /* eye-non-slash.png in Resources */ = {isa = PBXBuildFile; fileRef = 6B56CC7F29EC3B450065D3BA /* eye-non-slash.png */; };
		6B56CC8229EC3C800065D3BA /* Main.storyboard in Resources */ = {isa = PBXBuildFile; fileRef = 6B56CC8129EC3C800065D3BA /* Main.storyboard */; };
		6B56CC8429EC3C9F0065D3BA /* LaunchScreen.storyboard in Resources */ = {isa = PBXBuildFile; fileRef = 6B56CC8329EC3C9F0065D3BA /* LaunchScreen.storyboard */; };
		6B56CC8629EC5B0E0065D3BA /* CustomTextField.swift in Sources */ = {isa = PBXBuildFile; fileRef = 6B56CC8529EC5B0E0065D3BA /* CustomTextField.swift */; };
		6B7DF9EA29E5953400DF7C55 /* UITextField+.swift in Sources */ = {isa = PBXBuildFile; fileRef = 6B7DF9E929E5953400DF7C55 /* UITextField+.swift */; };
		6B7DF9F929E68E6100DF7C55 /* UIFont+.swift in Sources */ = {isa = PBXBuildFile; fileRef = 6B7DF9F829E68E6100DF7C55 /* UIFont+.swift */; };
		6B7DF9FC29E6935D00DF7C55 /* Pretendard-Medium.ttf in Resources */ = {isa = PBXBuildFile; fileRef = 6B7DF9FA29E6935D00DF7C55 /* Pretendard-Medium.ttf */; };
		6B7DF9FD29E6935D00DF7C55 /* Pretendard-SemiBold.ttf in Resources */ = {isa = PBXBuildFile; fileRef = 6B7DF9FB29E6935D00DF7C55 /* Pretendard-SemiBold.ttf */; };
		6B7DF9FF29E6939B00DF7C55 /* Pretendard-Regular.ttf in Resources */ = {isa = PBXBuildFile; fileRef = 6B7DF9FE29E6939B00DF7C55 /* Pretendard-Regular.ttf */; };
		6B7DFA0129E69CE700DF7C55 /* WelcomeViewController.swift in Sources */ = {isa = PBXBuildFile; fileRef = 6B7DFA0029E69CE700DF7C55 /* WelcomeViewController.swift */; };
		6BDC8E4B29DFDFDE00E42086 /* AppDelegate.swift in Sources */ = {isa = PBXBuildFile; fileRef = 6BDC8E4A29DFDFDE00E42086 /* AppDelegate.swift */; };
		6BDC8E4D29DFDFDE00E42086 /* SceneDelegate.swift in Sources */ = {isa = PBXBuildFile; fileRef = 6BDC8E4C29DFDFDE00E42086 /* SceneDelegate.swift */; };
		6BDC8E4F29DFDFDE00E42086 /* MainViewController.swift in Sources */ = {isa = PBXBuildFile; fileRef = 6BDC8E4E29DFDFDE00E42086 /* MainViewController.swift */; };
		6BDC8E5429DFDFDF00E42086 /* Assets.xcassets in Resources */ = {isa = PBXBuildFile; fileRef = 6BDC8E5329DFDFDF00E42086 /* Assets.xcassets */; };
		6BDC8E6029DFE15F00E42086 /* SecondViewController.swift in Sources */ = {isa = PBXBuildFile; fileRef = 6BDC8E5F29DFE15F00E42086 /* SecondViewController.swift */; };
		6BDC8E6229DFE1DF00E42086 /* sopt.png in Resources */ = {isa = PBXBuildFile; fileRef = 6BDC8E6129DFE1DF00E42086 /* sopt.png */; };
		6BDC8E6529E133D600E42086 /* FirstViewController_DelegatePattern.swift in Sources */ = {isa = PBXBuildFile; fileRef = 6BDC8E6429E133D600E42086 /* FirstViewController_DelegatePattern.swift */; };
		6BDC8E6729E1346000E42086 /* SecondViewController_DelegatePattern.swift in Sources */ = {isa = PBXBuildFile; fileRef = 6BDC8E6629E1346000E42086 /* SecondViewController_DelegatePattern.swift */; };
		6BDC8E6A29E141F300E42086 /* SnapKit in Frameworks */ = {isa = PBXBuildFile; productRef = 6BDC8E6929E141F300E42086 /* SnapKit */; };
		6BDC8E6D29E1422400E42086 /* Then in Frameworks */ = {isa = PBXBuildFile; productRef = 6BDC8E6C29E1422400E42086 /* Then */; };
		6BDC8E7029E148E700E42086 /* FirstViewController_Practice1_HandlerProperty.swift in Sources */ = {isa = PBXBuildFile; fileRef = 6BDC8E6F29E148E700E42086 /* FirstViewController_Practice1_HandlerProperty.swift */; };
		6BDC8E7229E14EF100E42086 /* SecondViewController_Practice1_HandlerProperty.swift in Sources */ = {isa = PBXBuildFile; fileRef = 6BDC8E7129E14EF100E42086 /* SecondViewController_Practice1_HandlerProperty.swift */; };
		6BDC8E7429E156E800E42086 /* UIButton+.swift in Sources */ = {isa = PBXBuildFile; fileRef = 6BDC8E7329E156E800E42086 /* UIButton+.swift */; };
		6BDC8E7729E1589400E42086 /* ViewController.swift in Sources */ = {isa = PBXBuildFile; fileRef = 6BDC8E7629E1589400E42086 /* ViewController.swift */; };
		6BE8E84B29E4868A00D32CAE /* LoginViewController_TVING.swift in Sources */ = {isa = PBXBuildFile; fileRef = 6BE8E84A29E4868A00D32CAE /* LoginViewController_TVING.swift */; };
		6BE8E84D29E4901100D32CAE /* UIColor+.swift in Sources */ = {isa = PBXBuildFile; fileRef = 6BE8E84C29E4901100D32CAE /* UIColor+.swift */; };
		6BE8E85329E4932500D32CAE /* x-circle.png in Resources */ = {isa = PBXBuildFile; fileRef = 6BE8E85229E4932500D32CAE /* x-circle.png */; };
		6BE8E85529E4933900D32CAE /* eye-slash.png in Resources */ = {isa = PBXBuildFile; fileRef = 6BE8E85429E4933900D32CAE /* eye-slash.png */; };
		6BE8E85729E4934800D32CAE /* btn_before.png in Resources */ = {isa = PBXBuildFile; fileRef = 6BE8E85629E4934800D32CAE /* btn_before.png */; };
		6BE8E85929E4935100D32CAE /* tiving_logo.png in Resources */ = {isa = PBXBuildFile; fileRef = 6BE8E85829E4935100D32CAE /* tiving_logo.png */; };
/* End PBXBuildFile section */

/* Begin PBXFileReference section */
		6B1C7E0F29EABEAD0034A336 /* AddNickNameBottomSheetUIView.swift */ = {isa = PBXFileReference; lastKnownFileType = sourcecode.swift; path = AddNickNameBottomSheetUIView.swift; sourceTree = "<group>"; };
		6B1C7E1D29EB28130034A336 /* LoginView.swift */ = {isa = PBXFileReference; lastKnownFileType = sourcecode.swift; path = LoginView.swift; sourceTree = "<group>"; };
		6B1C7E2029EB2A210034A336 /* BaseViewController.swift */ = {isa = PBXFileReference; lastKnownFileType = sourcecode.swift; path = BaseViewController.swift; sourceTree = "<group>"; };
		6B1C7E2229EB302F0034A336 /* WelcomeView.swift */ = {isa = PBXFileReference; lastKnownFileType = sourcecode.swift; path = WelcomeView.swift; sourceTree = "<group>"; };
		6B3CD8D129E32EA40062BCCB /* UIView+.swift */ = {isa = PBXFileReference; lastKnownFileType = sourcecode.swift; path = "UIView+.swift"; sourceTree = "<group>"; };
		6B3CD8D529E3BE880062BCCB /* UILabel+.swift */ = {isa = PBXFileReference; lastKnownFileType = sourcecode.swift; path = "UILabel+.swift"; sourceTree = "<group>"; };
		6B3CD8D829E413C00062BCCB /* FirstViewController_Practice1_DelegatePattern.swift */ = {isa = PBXFileReference; lastKnownFileType = sourcecode.swift; path = FirstViewController_Practice1_DelegatePattern.swift; sourceTree = "<group>"; };
		6B3CD8DA29E413E00062BCCB /* SecondViewController_Practice1_DelegatePattern.swift */ = {isa = PBXFileReference; lastKnownFileType = sourcecode.swift; path = SecondViewController_Practice1_DelegatePattern.swift; sourceTree = "<group>"; };
		6B56CC7A29EC02B00065D3BA /* TvingUser.swift */ = {isa = PBXFileReference; lastKnownFileType = sourcecode.swift; path = TvingUser.swift; sourceTree = "<group>"; };
		6B56CC7F29EC3B450065D3BA /* eye-non-slash.png */ = {isa = PBXFileReference; lastKnownFileType = image.png; path = "eye-non-slash.png"; sourceTree = "<group>"; };
		6B56CC8129EC3C800065D3BA /* Main.storyboard */ = {isa = PBXFileReference; lastKnownFileType = file.storyboard; path = Main.storyboard; sourceTree = "<group>"; };
		6B56CC8329EC3C9F0065D3BA /* LaunchScreen.storyboard */ = {isa = PBXFileReference; lastKnownFileType = file.storyboard; path = LaunchScreen.storyboard; sourceTree = "<group>"; };
		6B56CC8529EC5B0E0065D3BA /* CustomTextField.swift */ = {isa = PBXFileReference; lastKnownFileType = sourcecode.swift; path = CustomTextField.swift; sourceTree = "<group>"; };
		6B7DF9E929E5953400DF7C55 /* UITextField+.swift */ = {isa = PBXFileReference; lastKnownFileType = sourcecode.swift; path = "UITextField+.swift"; sourceTree = "<group>"; };
		6B7DF9F829E68E6100DF7C55 /* UIFont+.swift */ = {isa = PBXFileReference; lastKnownFileType = sourcecode.swift; path = "UIFont+.swift"; sourceTree = "<group>"; };
		6B7DF9FA29E6935D00DF7C55 /* Pretendard-Medium.ttf */ = {isa = PBXFileReference; lastKnownFileType = file; name = "Pretendard-Medium.ttf"; path = "../../../../../../../Downloads/Pretendard-1.3.6/public/static/alternative/Pretendard-Medium.ttf"; sourceTree = "<group>"; };
		6B7DF9FB29E6935D00DF7C55 /* Pretendard-SemiBold.ttf */ = {isa = PBXFileReference; lastKnownFileType = file; name = "Pretendard-SemiBold.ttf"; path = "../../../../../../../Downloads/Pretendard-1.3.6/public/static/alternative/Pretendard-SemiBold.ttf"; sourceTree = "<group>"; };
		6B7DF9FE29E6939B00DF7C55 /* Pretendard-Regular.ttf */ = {isa = PBXFileReference; lastKnownFileType = file; path = "Pretendard-Regular.ttf"; sourceTree = "<group>"; };
		6B7DFA0029E69CE700DF7C55 /* WelcomeViewController.swift */ = {isa = PBXFileReference; lastKnownFileType = sourcecode.swift; path = WelcomeViewController.swift; sourceTree = "<group>"; };
		6BDC8E4729DFDFDE00E42086 /* GO_SOPT_Seminar_Assingment.app */ = {isa = PBXFileReference; explicitFileType = wrapper.application; includeInIndex = 0; path = GO_SOPT_Seminar_Assingment.app; sourceTree = BUILT_PRODUCTS_DIR; };
		6BDC8E4A29DFDFDE00E42086 /* AppDelegate.swift */ = {isa = PBXFileReference; lastKnownFileType = sourcecode.swift; path = AppDelegate.swift; sourceTree = "<group>"; };
		6BDC8E4C29DFDFDE00E42086 /* SceneDelegate.swift */ = {isa = PBXFileReference; lastKnownFileType = sourcecode.swift; path = SceneDelegate.swift; sourceTree = "<group>"; };
		6BDC8E4E29DFDFDE00E42086 /* MainViewController.swift */ = {isa = PBXFileReference; lastKnownFileType = sourcecode.swift; path = MainViewController.swift; sourceTree = "<group>"; };
		6BDC8E5329DFDFDF00E42086 /* Assets.xcassets */ = {isa = PBXFileReference; lastKnownFileType = folder.assetcatalog; path = Assets.xcassets; sourceTree = "<group>"; };
		6BDC8E5829DFDFDF00E42086 /* Info.plist */ = {isa = PBXFileReference; lastKnownFileType = text.plist.xml; path = Info.plist; sourceTree = "<group>"; };
		6BDC8E5F29DFE15F00E42086 /* SecondViewController.swift */ = {isa = PBXFileReference; lastKnownFileType = sourcecode.swift; path = SecondViewController.swift; sourceTree = "<group>"; };
		6BDC8E6129DFE1DF00E42086 /* sopt.png */ = {isa = PBXFileReference; lastKnownFileType = image.png; path = sopt.png; sourceTree = "<group>"; };
		6BDC8E6429E133D600E42086 /* FirstViewController_DelegatePattern.swift */ = {isa = PBXFileReference; lastKnownFileType = sourcecode.swift; path = FirstViewController_DelegatePattern.swift; sourceTree = "<group>"; };
		6BDC8E6629E1346000E42086 /* SecondViewController_DelegatePattern.swift */ = {isa = PBXFileReference; lastKnownFileType = sourcecode.swift; path = SecondViewController_DelegatePattern.swift; sourceTree = "<group>"; };
		6BDC8E6F29E148E700E42086 /* FirstViewController_Practice1_HandlerProperty.swift */ = {isa = PBXFileReference; lastKnownFileType = sourcecode.swift; path = FirstViewController_Practice1_HandlerProperty.swift; sourceTree = "<group>"; };
		6BDC8E7129E14EF100E42086 /* SecondViewController_Practice1_HandlerProperty.swift */ = {isa = PBXFileReference; lastKnownFileType = sourcecode.swift; path = SecondViewController_Practice1_HandlerProperty.swift; sourceTree = "<group>"; };
		6BDC8E7329E156E800E42086 /* UIButton+.swift */ = {isa = PBXFileReference; lastKnownFileType = sourcecode.swift; path = "UIButton+.swift"; sourceTree = "<group>"; };
		6BDC8E7629E1589400E42086 /* ViewController.swift */ = {isa = PBXFileReference; lastKnownFileType = sourcecode.swift; path = ViewController.swift; sourceTree = "<group>"; };
		6BE8E84A29E4868A00D32CAE /* LoginViewController_TVING.swift */ = {isa = PBXFileReference; lastKnownFileType = sourcecode.swift; path = LoginViewController_TVING.swift; sourceTree = "<group>"; };
		6BE8E84C29E4901100D32CAE /* UIColor+.swift */ = {isa = PBXFileReference; lastKnownFileType = sourcecode.swift; path = "UIColor+.swift"; sourceTree = "<group>"; };
		6BE8E85229E4932500D32CAE /* x-circle.png */ = {isa = PBXFileReference; lastKnownFileType = image.png; path = "x-circle.png"; sourceTree = "<group>"; };
		6BE8E85429E4933900D32CAE /* eye-slash.png */ = {isa = PBXFileReference; lastKnownFileType = image.png; path = "eye-slash.png"; sourceTree = "<group>"; };
		6BE8E85629E4934800D32CAE /* btn_before.png */ = {isa = PBXFileReference; lastKnownFileType = image.png; path = btn_before.png; sourceTree = "<group>"; };
		6BE8E85829E4935100D32CAE /* tiving_logo.png */ = {isa = PBXFileReference; lastKnownFileType = image.png; path = tiving_logo.png; sourceTree = "<group>"; };
/* End PBXFileReference section */

/* Begin PBXFrameworksBuildPhase section */
		6BDC8E4429DFDFDE00E42086 /* Frameworks */ = {
			isa = PBXFrameworksBuildPhase;
			buildActionMask = 2147483647;
			files = (
				6BDC8E6A29E141F300E42086 /* SnapKit in Frameworks */,
				6BDC8E6D29E1422400E42086 /* Then in Frameworks */,
			);
			runOnlyForDeploymentPostprocessing = 0;
		};
/* End PBXFrameworksBuildPhase section */

/* Begin PBXGroup section */
		6B1C7E1129EABEB20034A336 /* View */ = {
			isa = PBXGroup;
			children = (
				6B1C7E0F29EABEAD0034A336 /* AddNickNameBottomSheetUIView.swift */,
				6B1C7E1D29EB28130034A336 /* LoginView.swift */,
				6B1C7E2229EB302F0034A336 /* WelcomeView.swift */,
			);
			path = View;
			sourceTree = "<group>";
		};
		6B1C7E1229EAC13B0034A336 /* Sources */ = {
			isa = PBXGroup;
			children = (
				6B56CC7E29EC39630065D3BA /* Model */,
				6B56CC7C29EC02B50065D3BA /* Class */,
				6B1C7E1F29EB2A0D0034A336 /* Base */,
				6BE8E84E29E4921900D32CAE /* Extension */,
			);
			path = Sources;
			sourceTree = "<group>";
		};
		6B1C7E1F29EB2A0D0034A336 /* Base */ = {
			isa = PBXGroup;
			children = (
				6B1C7E2029EB2A210034A336 /* BaseViewController.swift */,
			);
			path = Base;
			sourceTree = "<group>";
		};
		6B3CD8D729E3C1DB0062BCCB /* Resources */ = {
			isa = PBXGroup;
			children = (
				6B7DF9F529E68DB200DF7C55 /* Font */,
				6BE8E84F29E4922D00D32CAE /* Image */,
				6BDC8E5329DFDFDF00E42086 /* Assets.xcassets */,
			);
			path = Resources;
			sourceTree = "<group>";
		};
		6B56CC7C29EC02B50065D3BA /* Class */ = {
			isa = PBXGroup;
			children = (
				6B56CC8529EC5B0E0065D3BA /* CustomTextField.swift */,
			);
			path = Class;
			sourceTree = "<group>";
		};
		6B56CC7D29EC38D20065D3BA /* Local */ = {
			isa = PBXGroup;
			children = (
				6BDC8E5E29DFDFF000E42086 /* FirstSeminar */,
				6BDC8E6329E133A300E42086 /* SecondSeminar */,
			);
			path = Local;
			sourceTree = "<group>";
		};
		6B56CC7E29EC39630065D3BA /* Model */ = {
			isa = PBXGroup;
			children = (
				6B56CC7A29EC02B00065D3BA /* TvingUser.swift */,
			);
			path = Model;
			sourceTree = "<group>";
		};
		6B7DF9F529E68DB200DF7C55 /* Font */ = {
			isa = PBXGroup;
			children = (
				6B7DF9FA29E6935D00DF7C55 /* Pretendard-Medium.ttf */,
				6B7DF9FE29E6939B00DF7C55 /* Pretendard-Regular.ttf */,
				6B7DF9FB29E6935D00DF7C55 /* Pretendard-SemiBold.ttf */,
			);
			path = Font;
			sourceTree = "<group>";
		};
		6BDC8E3E29DFDFDE00E42086 = {
			isa = PBXGroup;
			children = (
				6BDC8E4929DFDFDE00E42086 /* GO_SOPT_Seminar_Assingment */,
				6BDC8E4829DFDFDE00E42086 /* Products */,
			);
			sourceTree = "<group>";
		};
		6BDC8E4829DFDFDE00E42086 /* Products */ = {
			isa = PBXGroup;
			children = (
				6BDC8E4729DFDFDE00E42086 /* GO_SOPT_Seminar_Assingment.app */,
			);
			name = Products;
			sourceTree = "<group>";
		};
		6BDC8E4929DFDFDE00E42086 /* GO_SOPT_Seminar_Assingment */ = {
			isa = PBXGroup;
			children = (
				6B56CC7D29EC38D20065D3BA /* Local */,
				6B1C7E1229EAC13B0034A336 /* Sources */,
				6B3CD8D729E3C1DB0062BCCB /* Resources */,
				6BDC8E4A29DFDFDE00E42086 /* AppDelegate.swift */,
				6BDC8E4C29DFDFDE00E42086 /* SceneDelegate.swift */,
				6BDC8E5829DFDFDF00E42086 /* Info.plist */,
				6B56CC8129EC3C800065D3BA /* Main.storyboard */,
				6B56CC8329EC3C9F0065D3BA /* LaunchScreen.storyboard */,
			);
			path = GO_SOPT_Seminar_Assingment;
			sourceTree = "<group>";
		};
		6BDC8E5E29DFDFF000E42086 /* FirstSeminar */ = {
			isa = PBXGroup;
			children = (
				6BDC8E4E29DFDFDE00E42086 /* MainViewController.swift */,
				6BDC8E5F29DFE15F00E42086 /* SecondViewController.swift */,
				6BDC8E6129DFE1DF00E42086 /* sopt.png */,
			);
			path = FirstSeminar;
			sourceTree = "<group>";
		};
		6BDC8E6329E133A300E42086 /* SecondSeminar */ = {
			isa = PBXGroup;
			children = (
				6BE8E84929E4864300D32CAE /* Assignment_TVING */,
				6BDC8E7529E157FF00E42086 /* Practice_2 */,
				6BDC8E6E29E146F100E42086 /* Practice_1 */,
				6BDC8E6429E133D600E42086 /* FirstViewController_DelegatePattern.swift */,
				6BDC8E6629E1346000E42086 /* SecondViewController_DelegatePattern.swift */,
			);
			path = SecondSeminar;
			sourceTree = "<group>";
		};
		6BDC8E6E29E146F100E42086 /* Practice_1 */ = {
			isa = PBXGroup;
			children = (
				6BDC8E6F29E148E700E42086 /* FirstViewController_Practice1_HandlerProperty.swift */,
				6BDC8E7129E14EF100E42086 /* SecondViewController_Practice1_HandlerProperty.swift */,
				6B3CD8D829E413C00062BCCB /* FirstViewController_Practice1_DelegatePattern.swift */,
				6B3CD8DA29E413E00062BCCB /* SecondViewController_Practice1_DelegatePattern.swift */,
			);
			path = Practice_1;
			sourceTree = "<group>";
		};
		6BDC8E7529E157FF00E42086 /* Practice_2 */ = {
			isa = PBXGroup;
			children = (
				6BDC8E7629E1589400E42086 /* ViewController.swift */,
			);
			path = Practice_2;
			sourceTree = "<group>";
		};
		6BE8E84929E4864300D32CAE /* Assignment_TVING */ = {
			isa = PBXGroup;
			children = (
				6B1C7E1129EABEB20034A336 /* View */,
				6BE8E84A29E4868A00D32CAE /* LoginViewController_TVING.swift */,
				6B7DFA0029E69CE700DF7C55 /* WelcomeViewController.swift */,
			);
			path = Assignment_TVING;
			sourceTree = "<group>";
		};
		6BE8E84E29E4921900D32CAE /* Extension */ = {
			isa = PBXGroup;
			children = (
				6B3CD8D129E32EA40062BCCB /* UIView+.swift */,
				6BDC8E7329E156E800E42086 /* UIButton+.swift */,
				6B3CD8D529E3BE880062BCCB /* UILabel+.swift */,
				6BE8E84C29E4901100D32CAE /* UIColor+.swift */,
				6B7DF9E929E5953400DF7C55 /* UITextField+.swift */,
				6B7DF9F829E68E6100DF7C55 /* UIFont+.swift */,
			);
			path = Extension;
			sourceTree = "<group>";
		};
		6BE8E84F29E4922D00D32CAE /* Image */ = {
			isa = PBXGroup;
			children = (
				6B56CC7F29EC3B450065D3BA /* eye-non-slash.png */,
				6BE8E85229E4932500D32CAE /* x-circle.png */,
				6BE8E85429E4933900D32CAE /* eye-slash.png */,
				6BE8E85629E4934800D32CAE /* btn_before.png */,
				6BE8E85829E4935100D32CAE /* tiving_logo.png */,
			);
			path = Image;
			sourceTree = "<group>";
		};
/* End PBXGroup section */

/* Begin PBXNativeTarget section */
		6BDC8E4629DFDFDE00E42086 /* GO_SOPT_Seminar_Assingment */ = {
			isa = PBXNativeTarget;
			buildConfigurationList = 6BDC8E5B29DFDFDF00E42086 /* Build configuration list for PBXNativeTarget "GO_SOPT_Seminar_Assingment" */;
			buildPhases = (
				6BDC8E4329DFDFDE00E42086 /* Sources */,
				6BDC8E4429DFDFDE00E42086 /* Frameworks */,
				6BDC8E4529DFDFDE00E42086 /* Resources */,
			);
			buildRules = (
			);
			dependencies = (
			);
			name = GO_SOPT_Seminar_Assingment;
			packageProductDependencies = (
				6BDC8E6929E141F300E42086 /* SnapKit */,
				6BDC8E6C29E1422400E42086 /* Then */,
			);
			productName = GO_SOPT_Seminar_Assingment;
			productReference = 6BDC8E4729DFDFDE00E42086 /* GO_SOPT_Seminar_Assingment.app */;
			productType = "com.apple.product-type.application";
		};
/* End PBXNativeTarget section */

/* Begin PBXProject section */
		6BDC8E3F29DFDFDE00E42086 /* Project object */ = {
			isa = PBXProject;
			attributes = {
				BuildIndependentTargetsInParallel = 1;
				LastSwiftUpdateCheck = 1420;
				LastUpgradeCheck = 1420;
				TargetAttributes = {
					6BDC8E4629DFDFDE00E42086 = {
						CreatedOnToolsVersion = 14.2;
					};
				};
			};
			buildConfigurationList = 6BDC8E4229DFDFDE00E42086 /* Build configuration list for PBXProject "GO_SOPT_Seminar_Assingment" */;
			compatibilityVersion = "Xcode 14.0";
			developmentRegion = en;
			hasScannedForEncodings = 0;
			knownRegions = (
				en,
				Base,
			);
			mainGroup = 6BDC8E3E29DFDFDE00E42086;
			packageReferences = (
				6BDC8E6829E141F300E42086 /* XCRemoteSwiftPackageReference "SnapKit" */,
				6BDC8E6B29E1422400E42086 /* XCRemoteSwiftPackageReference "Then" */,
			);
			productRefGroup = 6BDC8E4829DFDFDE00E42086 /* Products */;
			projectDirPath = "";
			projectRoot = "";
			targets = (
				6BDC8E4629DFDFDE00E42086 /* GO_SOPT_Seminar_Assingment */,
			);
		};
/* End PBXProject section */

/* Begin PBXResourcesBuildPhase section */
		6BDC8E4529DFDFDE00E42086 /* Resources */ = {
			isa = PBXResourcesBuildPhase;
			buildActionMask = 2147483647;
			files = (
				6B7DF9FF29E6939B00DF7C55 /* Pretendard-Regular.ttf in Resources */,
				6BE8E85529E4933900D32CAE /* eye-slash.png in Resources */,
				6B7DF9FD29E6935D00DF7C55 /* Pretendard-SemiBold.ttf in Resources */,
				6BE8E85729E4934800D32CAE /* btn_before.png in Resources */,
				6BE8E85329E4932500D32CAE /* x-circle.png in Resources */,
				6B56CC8229EC3C800065D3BA /* Main.storyboard in Resources */,
				6BE8E85929E4935100D32CAE /* tiving_logo.png in Resources */,
				6B56CC8029EC3B450065D3BA /* eye-non-slash.png in Resources */,
				6BDC8E6229DFE1DF00E42086 /* sopt.png in Resources */,
				6B56CC8429EC3C9F0065D3BA /* LaunchScreen.storyboard in Resources */,
				6BDC8E5429DFDFDF00E42086 /* Assets.xcassets in Resources */,
				6B7DF9FC29E6935D00DF7C55 /* Pretendard-Medium.ttf in Resources */,
			);
			runOnlyForDeploymentPostprocessing = 0;
		};
/* End PBXResourcesBuildPhase section */

/* Begin PBXSourcesBuildPhase section */
		6BDC8E4329DFDFDE00E42086 /* Sources */ = {
			isa = PBXSourcesBuildPhase;
			buildActionMask = 2147483647;
			files = (
				6BE8E84B29E4868A00D32CAE /* LoginViewController_TVING.swift in Sources */,
				6BE8E84D29E4901100D32CAE /* UIColor+.swift in Sources */,
				6BDC8E7729E1589400E42086 /* ViewController.swift in Sources */,
				6B3CD8DB29E413E00062BCCB /* SecondViewController_Practice1_DelegatePattern.swift in Sources */,
				6BDC8E6729E1346000E42086 /* SecondViewController_DelegatePattern.swift in Sources */,
				6BDC8E4F29DFDFDE00E42086 /* MainViewController.swift in Sources */,
				6B7DF9EA29E5953400DF7C55 /* UITextField+.swift in Sources */,
				6BDC8E4B29DFDFDE00E42086 /* AppDelegate.swift in Sources */,
				6B1C7E1029EABEAD0034A336 /* AddNickNameBottomSheetUIView.swift in Sources */,
				6B56CC8629EC5B0E0065D3BA /* CustomTextField.swift in Sources */,
				6BDC8E6029DFE15F00E42086 /* SecondViewController.swift in Sources */,
				6B1C7E2329EB302F0034A336 /* WelcomeView.swift in Sources */,
				6BDC8E6529E133D600E42086 /* FirstViewController_DelegatePattern.swift in Sources */,
				6B7DF9F929E68E6100DF7C55 /* UIFont+.swift in Sources */,
				6B3CD8D929E413C00062BCCB /* FirstViewController_Practice1_DelegatePattern.swift in Sources */,
				6B1C7E2129EB2A210034A336 /* BaseViewController.swift in Sources */,
				6B56CC7B29EC02B00065D3BA /* TvingUser.swift in Sources */,
				6B3CD8D629E3BE880062BCCB /* UILabel+.swift in Sources */,
				6BDC8E7229E14EF100E42086 /* SecondViewController_Practice1_HandlerProperty.swift in Sources */,
				6B1C7E1E29EB28130034A336 /* LoginView.swift in Sources */,
				6BDC8E7029E148E700E42086 /* FirstViewController_Practice1_HandlerProperty.swift in Sources */,
				6B3CD8D229E32EA40062BCCB /* UIView+.swift in Sources */,
				6BDC8E7429E156E800E42086 /* UIButton+.swift in Sources */,
				6BDC8E4D29DFDFDE00E42086 /* SceneDelegate.swift in Sources */,
				6B7DFA0129E69CE700DF7C55 /* WelcomeViewController.swift in Sources */,
			);
			runOnlyForDeploymentPostprocessing = 0;
		};
/* End PBXSourcesBuildPhase section */

/* Begin XCBuildConfiguration section */
		6BDC8E5929DFDFDF00E42086 /* Debug */ = {
			isa = XCBuildConfiguration;
			buildSettings = {
				ALWAYS_SEARCH_USER_PATHS = NO;
				CLANG_ANALYZER_NONNULL = YES;
				CLANG_ANALYZER_NUMBER_OBJECT_CONVERSION = YES_AGGRESSIVE;
				CLANG_CXX_LANGUAGE_STANDARD = "gnu++20";
				CLANG_ENABLE_MODULES = YES;
				CLANG_ENABLE_OBJC_ARC = YES;
				CLANG_ENABLE_OBJC_WEAK = YES;
				CLANG_WARN_BLOCK_CAPTURE_AUTORELEASING = YES;
				CLANG_WARN_BOOL_CONVERSION = YES;
				CLANG_WARN_COMMA = YES;
				CLANG_WARN_CONSTANT_CONVERSION = YES;
				CLANG_WARN_DEPRECATED_OBJC_IMPLEMENTATIONS = YES;
				CLANG_WARN_DIRECT_OBJC_ISA_USAGE = YES_ERROR;
				CLANG_WARN_DOCUMENTATION_COMMENTS = YES;
				CLANG_WARN_EMPTY_BODY = YES;
				CLANG_WARN_ENUM_CONVERSION = YES;
				CLANG_WARN_INFINITE_RECURSION = YES;
				CLANG_WARN_INT_CONVERSION = YES;
				CLANG_WARN_NON_LITERAL_NULL_CONVERSION = YES;
				CLANG_WARN_OBJC_IMPLICIT_RETAIN_SELF = YES;
				CLANG_WARN_OBJC_LITERAL_CONVERSION = YES;
				CLANG_WARN_OBJC_ROOT_CLASS = YES_ERROR;
				CLANG_WARN_QUOTED_INCLUDE_IN_FRAMEWORK_HEADER = YES;
				CLANG_WARN_RANGE_LOOP_ANALYSIS = YES;
				CLANG_WARN_STRICT_PROTOTYPES = YES;
				CLANG_WARN_SUSPICIOUS_MOVE = YES;
				CLANG_WARN_UNGUARDED_AVAILABILITY = YES_AGGRESSIVE;
				CLANG_WARN_UNREACHABLE_CODE = YES;
				CLANG_WARN__DUPLICATE_METHOD_MATCH = YES;
				COPY_PHASE_STRIP = NO;
				DEBUG_INFORMATION_FORMAT = dwarf;
				ENABLE_STRICT_OBJC_MSGSEND = YES;
				ENABLE_TESTABILITY = YES;
				GCC_C_LANGUAGE_STANDARD = gnu11;
				GCC_DYNAMIC_NO_PIC = NO;
				GCC_NO_COMMON_BLOCKS = YES;
				GCC_OPTIMIZATION_LEVEL = 0;
				GCC_PREPROCESSOR_DEFINITIONS = (
					"DEBUG=1",
					"$(inherited)",
				);
				GCC_WARN_64_TO_32_BIT_CONVERSION = YES;
				GCC_WARN_ABOUT_RETURN_TYPE = YES_ERROR;
				GCC_WARN_UNDECLARED_SELECTOR = YES;
				GCC_WARN_UNINITIALIZED_AUTOS = YES_AGGRESSIVE;
				GCC_WARN_UNUSED_FUNCTION = YES;
				GCC_WARN_UNUSED_VARIABLE = YES;
				IPHONEOS_DEPLOYMENT_TARGET = 16.2;
				MTL_ENABLE_DEBUG_INFO = INCLUDE_SOURCE;
				MTL_FAST_MATH = YES;
				ONLY_ACTIVE_ARCH = YES;
				SDKROOT = iphoneos;
				SWIFT_ACTIVE_COMPILATION_CONDITIONS = DEBUG;
				SWIFT_OPTIMIZATION_LEVEL = "-Onone";
			};
			name = Debug;
		};
		6BDC8E5A29DFDFDF00E42086 /* Release */ = {
			isa = XCBuildConfiguration;
			buildSettings = {
				ALWAYS_SEARCH_USER_PATHS = NO;
				CLANG_ANALYZER_NONNULL = YES;
				CLANG_ANALYZER_NUMBER_OBJECT_CONVERSION = YES_AGGRESSIVE;
				CLANG_CXX_LANGUAGE_STANDARD = "gnu++20";
				CLANG_ENABLE_MODULES = YES;
				CLANG_ENABLE_OBJC_ARC = YES;
				CLANG_ENABLE_OBJC_WEAK = YES;
				CLANG_WARN_BLOCK_CAPTURE_AUTORELEASING = YES;
				CLANG_WARN_BOOL_CONVERSION = YES;
				CLANG_WARN_COMMA = YES;
				CLANG_WARN_CONSTANT_CONVERSION = YES;
				CLANG_WARN_DEPRECATED_OBJC_IMPLEMENTATIONS = YES;
				CLANG_WARN_DIRECT_OBJC_ISA_USAGE = YES_ERROR;
				CLANG_WARN_DOCUMENTATION_COMMENTS = YES;
				CLANG_WARN_EMPTY_BODY = YES;
				CLANG_WARN_ENUM_CONVERSION = YES;
				CLANG_WARN_INFINITE_RECURSION = YES;
				CLANG_WARN_INT_CONVERSION = YES;
				CLANG_WARN_NON_LITERAL_NULL_CONVERSION = YES;
				CLANG_WARN_OBJC_IMPLICIT_RETAIN_SELF = YES;
				CLANG_WARN_OBJC_LITERAL_CONVERSION = YES;
				CLANG_WARN_OBJC_ROOT_CLASS = YES_ERROR;
				CLANG_WARN_QUOTED_INCLUDE_IN_FRAMEWORK_HEADER = YES;
				CLANG_WARN_RANGE_LOOP_ANALYSIS = YES;
				CLANG_WARN_STRICT_PROTOTYPES = YES;
				CLANG_WARN_SUSPICIOUS_MOVE = YES;
				CLANG_WARN_UNGUARDED_AVAILABILITY = YES_AGGRESSIVE;
				CLANG_WARN_UNREACHABLE_CODE = YES;
				CLANG_WARN__DUPLICATE_METHOD_MATCH = YES;
				COPY_PHASE_STRIP = NO;
				DEBUG_INFORMATION_FORMAT = "dwarf-with-dsym";
				ENABLE_NS_ASSERTIONS = NO;
				ENABLE_STRICT_OBJC_MSGSEND = YES;
				GCC_C_LANGUAGE_STANDARD = gnu11;
				GCC_NO_COMMON_BLOCKS = YES;
				GCC_WARN_64_TO_32_BIT_CONVERSION = YES;
				GCC_WARN_ABOUT_RETURN_TYPE = YES_ERROR;
				GCC_WARN_UNDECLARED_SELECTOR = YES;
				GCC_WARN_UNINITIALIZED_AUTOS = YES_AGGRESSIVE;
				GCC_WARN_UNUSED_FUNCTION = YES;
				GCC_WARN_UNUSED_VARIABLE = YES;
				IPHONEOS_DEPLOYMENT_TARGET = 16.2;
				MTL_ENABLE_DEBUG_INFO = NO;
				MTL_FAST_MATH = YES;
				SDKROOT = iphoneos;
				SWIFT_COMPILATION_MODE = wholemodule;
				SWIFT_OPTIMIZATION_LEVEL = "-O";
				VALIDATE_PRODUCT = YES;
			};
			name = Release;
		};
		6BDC8E5C29DFDFDF00E42086 /* Debug */ = {
			isa = XCBuildConfiguration;
			buildSettings = {
				ASSETCATALOG_COMPILER_APPICON_NAME = AppIcon;
				ASSETCATALOG_COMPILER_GLOBAL_ACCENT_COLOR_NAME = AccentColor;
				CODE_SIGN_STYLE = Automatic;
				CURRENT_PROJECT_VERSION = 1;
				DEVELOPMENT_TEAM = 6ML57N96S3;
				GENERATE_INFOPLIST_FILE = YES;
				INFOPLIST_FILE = GO_SOPT_Seminar_Assingment/Info.plist;
				INFOPLIST_KEY_UIApplicationSupportsIndirectInputEvents = YES;
				INFOPLIST_KEY_UILaunchStoryboardName = LaunchScreen;
				INFOPLIST_KEY_UIMainStoryboardFile = Main;
				INFOPLIST_KEY_UISupportedInterfaceOrientations_iPad = "UIInterfaceOrientationPortrait UIInterfaceOrientationPortraitUpsideDown UIInterfaceOrientationLandscapeLeft UIInterfaceOrientationLandscapeRight";
				INFOPLIST_KEY_UISupportedInterfaceOrientations_iPhone = "UIInterfaceOrientationPortrait UIInterfaceOrientationLandscapeLeft UIInterfaceOrientationLandscapeRight";
				LD_RUNPATH_SEARCH_PATHS = (
					"$(inherited)",
					"@executable_path/Frameworks",
				);
				MARKETING_VERSION = 1.0;
				PRODUCT_BUNDLE_IDENTIFIER = "yeah.GO-SOPT-Seminar-Assingment";
				PRODUCT_NAME = "$(TARGET_NAME)";
				SWIFT_EMIT_LOC_STRINGS = YES;
				SWIFT_VERSION = 5.0;
				TARGETED_DEVICE_FAMILY = "1,2";
			};
			name = Debug;
		};
		6BDC8E5D29DFDFDF00E42086 /* Release */ = {
			isa = XCBuildConfiguration;
			buildSettings = {
				ASSETCATALOG_COMPILER_APPICON_NAME = AppIcon;
				ASSETCATALOG_COMPILER_GLOBAL_ACCENT_COLOR_NAME = AccentColor;
				CODE_SIGN_STYLE = Automatic;
				CURRENT_PROJECT_VERSION = 1;
				DEVELOPMENT_TEAM = 6ML57N96S3;
				GENERATE_INFOPLIST_FILE = YES;
				INFOPLIST_FILE = GO_SOPT_Seminar_Assingment/Info.plist;
				INFOPLIST_KEY_UIApplicationSupportsIndirectInputEvents = YES;
				INFOPLIST_KEY_UILaunchStoryboardName = LaunchScreen;
				INFOPLIST_KEY_UIMainStoryboardFile = Main;
				INFOPLIST_KEY_UISupportedInterfaceOrientations_iPad = "UIInterfaceOrientationPortrait UIInterfaceOrientationPortraitUpsideDown UIInterfaceOrientationLandscapeLeft UIInterfaceOrientationLandscapeRight";
				INFOPLIST_KEY_UISupportedInterfaceOrientations_iPhone = "UIInterfaceOrientationPortrait UIInterfaceOrientationLandscapeLeft UIInterfaceOrientationLandscapeRight";
				LD_RUNPATH_SEARCH_PATHS = (
					"$(inherited)",
					"@executable_path/Frameworks",
				);
				MARKETING_VERSION = 1.0;
				PRODUCT_BUNDLE_IDENTIFIER = "yeah.GO-SOPT-Seminar-Assingment";
				PRODUCT_NAME = "$(TARGET_NAME)";
				SWIFT_EMIT_LOC_STRINGS = YES;
				SWIFT_VERSION = 5.0;
				TARGETED_DEVICE_FAMILY = "1,2";
			};
			name = Release;
		};
/* End XCBuildConfiguration section */

/* Begin XCConfigurationList section */
		6BDC8E4229DFDFDE00E42086 /* Build configuration list for PBXProject "GO_SOPT_Seminar_Assingment" */ = {
			isa = XCConfigurationList;
			buildConfigurations = (
				6BDC8E5929DFDFDF00E42086 /* Debug */,
				6BDC8E5A29DFDFDF00E42086 /* Release */,
			);
			defaultConfigurationIsVisible = 0;
			defaultConfigurationName = Release;
		};
		6BDC8E5B29DFDFDF00E42086 /* Build configuration list for PBXNativeTarget "GO_SOPT_Seminar_Assingment" */ = {
			isa = XCConfigurationList;
			buildConfigurations = (
				6BDC8E5C29DFDFDF00E42086 /* Debug */,
				6BDC8E5D29DFDFDF00E42086 /* Release */,
			);
			defaultConfigurationIsVisible = 0;
			defaultConfigurationName = Release;
		};
/* End XCConfigurationList section */

/* Begin XCRemoteSwiftPackageReference section */
		6BDC8E6829E141F300E42086 /* XCRemoteSwiftPackageReference "SnapKit" */ = {
			isa = XCRemoteSwiftPackageReference;
			repositoryURL = "https://github.com/SnapKit/SnapKit.git";
			requirement = {
				kind = upToNextMajorVersion;
				minimumVersion = 5.0.0;
			};
		};
		6BDC8E6B29E1422400E42086 /* XCRemoteSwiftPackageReference "Then" */ = {
			isa = XCRemoteSwiftPackageReference;
			repositoryURL = "https://github.com/devxoul/Then.git";
			requirement = {
				kind = upToNextMajorVersion;
				minimumVersion = 3.0.0;
			};
		};
/* End XCRemoteSwiftPackageReference section */

/* Begin XCSwiftPackageProductDependency section */
		6BDC8E6929E141F300E42086 /* SnapKit */ = {
			isa = XCSwiftPackageProductDependency;
			package = 6BDC8E6829E141F300E42086 /* XCRemoteSwiftPackageReference "SnapKit" */;
			productName = SnapKit;
		};
		6BDC8E6C29E1422400E42086 /* Then */ = {
			isa = XCSwiftPackageProductDependency;
			package = 6BDC8E6B29E1422400E42086 /* XCRemoteSwiftPackageReference "Then" */;
			productName = Then;
		};
/* End XCSwiftPackageProductDependency section */
	};
	rootObject = 6BDC8E3F29DFDFDE00E42086 /* Project object */;
}
